github.com/google/uuid v1.3.1 h1:KjJaJ9iWZ3jOFZIf1Lqf4laDRCasjl0BCmnEGxkdLb4=
github.com/google/uuid v1.3.1/go.mod h1:TIyPZe4MgqvfeYDBFedMoGGpEw/LqOeaOT+nhxU+yHo=
github.com/hack-pad/safejs v0.1.1 h1:d5qPO0iQ7h2oVtpzGnLExE+Wn9AtytxIfltcS2b9KD8=
github.com/hack-pad/safejs v0.1.1/go.mod h1:HdS+bKF1NrE72VoXZeWzxFOVQVUSqZJAG0xNCnb+Tio=
github.com/magodo/chanio v0.0.0-20230905063744-5f1bf45eacbc h1:OA/l08Abuwg0v3g6piwgnHzK8QcV+rgUwrmvKSSVT28=
github.com/magodo/chanio v0.0.0-20230905063744-5f1bf45eacbc/go.mod h1:h8znBXxSpGVpiLc79RwAaMndx+d3DrnynGlmbxPWcX8=
github.com/magodo/go-webworkers v0.0.0-20230912130354-7cb7781df4ee h1:XaNsxpodBifEAUm5iFCT0oxFw+OVmlCRxwBfqOd/Gi8=
github.com/magodo/go-webworkers v0.0.0-20230912130354-7cb7781df4ee/go.mod h1:75pYYUWzQZKwI7HXgCOD6CAqEvNhln+yyxV3vIJWxaE=
github.com/pkg/errors v0.9.1 h1:FEBLx1zS214owpjy7qsBeixbURkuhQAwrK5UwLGTwt4=
github.com/pkg/errors v0.9.1/go.mod h1:bwawxfHBFNV+L2hUp1rHADufV3IMtnDRdf1r5NINEl0=
